
Microsoft Visual Studio Solution File, Format Version 12.00
# Visual Studio 15
VisualStudioVersion = 15.0.28010.2003
MinimumVisualStudioVersion = 10.0.40219.1
Project("{FAE04EC0-301F-11D3-BF4B-00C04F79EFBC}") = "csharp_directory-manager", "csharp_directory-manager\csharp_directory-manager.csproj", "{15122B49-9CA9-4CE5-8C00-44839EA00569}"
EndProject
Global
	GlobalSection(SolutionConfigurationPlatforms) = preSolution
		Debug|Any CPU = Debug|Any CPU
		Release|Any CPU = Release|Any CPU
	EndGlobalSection
	GlobalSection(ProjectConfigurationPlatforms) = postSolution
		{15122B49-9CA9-4CE5-8C00-44839EA00569}.Debug|Any CPU.ActiveCfg = Debug|Any CPU
		{15122B49-9CA9-4CE5-8C00-44839EA00569}.Debug|Any CPU.Build.0 = Debug|Any CPU
		{15122B49-9CA9-4CE5-8C00-44839EA00569}.Release|Any CPU.ActiveCfg = Release|Any CPU
		{15122B49-9CA9-4CE5-8C00-44839EA00569}.Release|Any CPU.Build.0 = Release|Any CPU
	EndGlobalSection
	GlobalSection(SolutionProperties) = preSolution
		HideSolutionNode = FALSE
	EndGlobalSection
	GlobalSection(ExtensibilityGlobals) = postSolution
		SolutionGuid = {DF6749D7-B380-4DF2-9ECC-DFE3B80A94F7}
	EndGlobalSection
EndGlobal
